
Microsoft Visual Studio Solution File, Format Version 12.00
# Visual Studio Version 16
VisualStudioVersion = 16.0.29424.173
MinimumVisualStudioVersion = 10.0.40219.1
Project("{9A19103F-16F7-4668-BE54-9A1E7A4F7556}") = "GraveDefensor.Engine", "GraveDefensor.Engine\GraveDefensor.Engine.csproj", "{8133E054-C2E9-40A7-8ECD-B13D0558A118}"
EndProject
Project("{D954291E-2A0B-460D-934E-DC6B0785DB48}") = "GraveDefensor.Shared", "GraveDefensor.Shared\GraveDefensor.Shared.shproj", "{5E3CE998-93D5-448C-AE98-CDF1EA9C1A6E}"
EndProject
Project("{FAE04EC0-301F-11D3-BF4B-00C04F79EFBC}") = "GraveDefensor.Windows", "GraveDefensor.Windows\GraveDefensor.Windows.csproj", "{9EAC35C5-BC85-4F12-929C-7CDB1534905E}"
EndProject
Project("{2150E333-8FDC-42A3-9474-1A3956D46DE8}") = "Tests", "Tests", "{EAC3916A-7EFA-4560-8E46-41D91C67FEB6}"
EndProject
Project("{9A19103F-16F7-4668-BE54-9A1E7A4F7556}") = "GraveDefensor.Engine.Test", "Tests\GraveDefensor.Engine.Test\GraveDefensor.Engine.Test.csproj", "{8A98C043-9E5D-4B5F-B13F-E7FFCA7428A0}"
EndProject
Project("{D954291E-2A0B-460D-934E-DC6B0785DB48}") = "GraveDefensor.Shared.Test", "Tests\GraveDefensor.Shared.Test\GraveDefensor.Shared.Test.shproj", "{963FB07B-E982-419E-AE8F-55E2B2A6C205}"
EndProject
Project("{FAE04EC0-301F-11D3-BF4B-00C04F79EFBC}") = "GraveDefensor.Windows.Test", "Tests\GraveDefensor.Windows.Test\GraveDefensor.Windows.Test.csproj", "{17E3A066-537B-4280-A205-36C86B67FA8F}"
EndProject
Project("{2150E333-8FDC-42A3-9474-1A3956D46DE8}") = "Docs", "Docs", "{C97A671A-79CF-4CED-B554-9EE1C2D43AA1}"
	ProjectSection(SolutionItems) = preProject
		original.md = original.md
	EndProjectSection
EndProject
Project("{FAE04EC0-301F-11D3-BF4B-00C04F79EFBC}") = "GraveDefensor.Android", "GraveDefensor.Android\GraveDefensor.Android.csproj", "{69BDEB49-DE2F-40C0-847A-72C4E8C17C4A}"
EndProject
Global
	GlobalSection(SharedMSBuildProjectFiles) = preSolution
		GraveDefensor.Shared\GraveDefensor.Shared.projitems*{17e3a066-537b-4280-a205-36c86b67fa8f}*SharedItemsImports = 4
		Tests\GraveDefensor.Shared.Test\GraveDefensor.Shared.Test.projitems*{17e3a066-537b-4280-a205-36c86b67fa8f}*SharedItemsImports = 4
		GraveDefensor.Shared\GraveDefensor.Shared.projitems*{5e3ce998-93d5-448c-ae98-cdf1ea9c1a6e}*SharedItemsImports = 13
		GraveDefensor.Shared\GraveDefensor.Shared.projitems*{69bdeb49-de2f-40c0-847a-72c4e8c17c4a}*SharedItemsImports = 4
		Tests\GraveDefensor.Shared.Test\GraveDefensor.Shared.Test.projitems*{963fb07b-e982-419e-ae8f-55e2b2a6c205}*SharedItemsImports = 13
		GraveDefensor.Shared\GraveDefensor.Shared.projitems*{9eac35c5-bc85-4f12-929c-7cdb1534905e}*SharedItemsImports = 4
	EndGlobalSection
	GlobalSection(SolutionConfigurationPlatforms) = preSolution
		Debug|Android = Debug|Android
		Debug|Any CPU = Debug|Any CPU
		Debug|x86 = Debug|x86
		Release|Android = Release|Android
		Release|Any CPU = Release|Any CPU
		Release|x86 = Release|x86
	EndGlobalSection
	GlobalSection(ProjectConfigurationPlatforms) = postSolution
		{8133E054-C2E9-40A7-8ECD-B13D0558A118}.Debug|Android.ActiveCfg = Debug|Any CPU
		{8133E054-C2E9-40A7-8ECD-B13D0558A118}.Debug|Android.Build.0 = Debug|Any CPU
		{8133E054-C2E9-40A7-8ECD-B13D0558A118}.Debug|Any CPU.ActiveCfg = Debug|Any CPU
		{8133E054-C2E9-40A7-8ECD-B13D0558A118}.Debug|Any CPU.Build.0 = Debug|Any CPU
		{8133E054-C2E9-40A7-8ECD-B13D0558A118}.Debug|x86.ActiveCfg = Debug|Any CPU
		{8133E054-C2E9-40A7-8ECD-B13D0558A118}.Debug|x86.Build.0 = Debug|Any CPU
		{8133E054-C2E9-40A7-8ECD-B13D0558A118}.Release|Android.ActiveCfg = Release|Any CPU
		{8133E054-C2E9-40A7-8ECD-B13D0558A118}.Release|Android.Build.0 = Release|Any CPU
		{8133E054-C2E9-40A7-8ECD-B13D0558A118}.Release|Any CPU.ActiveCfg = Release|Any CPU
		{8133E054-C2E9-40A7-8ECD-B13D0558A118}.Release|Any CPU.Build.0 = Release|Any CPU
		{8133E054-C2E9-40A7-8ECD-B13D0558A118}.Release|x86.ActiveCfg = Release|Any CPU
		{8133E054-C2E9-40A7-8ECD-B13D0558A118}.Release|x86.Build.0 = Release|Any CPU
		{9EAC35C5-BC85-4F12-929C-7CDB1534905E}.Debug|Android.ActiveCfg = Debug|x86
		{9EAC35C5-BC85-4F12-929C-7CDB1534905E}.Debug|Any CPU.ActiveCfg = Debug|x86
		{9EAC35C5-BC85-4F12-929C-7CDB1534905E}.Debug|Any CPU.Build.0 = Debug|x86
		{9EAC35C5-BC85-4F12-929C-7CDB1534905E}.Debug|x86.ActiveCfg = Debug|x86
		{9EAC35C5-BC85-4F12-929C-7CDB1534905E}.Debug|x86.Build.0 = Debug|x86
		{9EAC35C5-BC85-4F12-929C-7CDB1534905E}.Release|Android.ActiveCfg = Release|x86
		{9EAC35C5-BC85-4F12-929C-7CDB1534905E}.Release|Any CPU.ActiveCfg = Release|x86
		{9EAC35C5-BC85-4F12-929C-7CDB1534905E}.Release|x86.ActiveCfg = Release|x86
		{9EAC35C5-BC85-4F12-929C-7CDB1534905E}.Release|x86.Build.0 = Release|x86
		{8A98C043-9E5D-4B5F-B13F-E7FFCA7428A0}.Debug|Android.ActiveCfg = Debug|Any CPU
		{8A98C043-9E5D-4B5F-B13F-E7FFCA7428A0}.Debug|Android.Build.0 = Debug|Any CPU
		{8A98C043-9E5D-4B5F-B13F-E7FFCA7428A0}.Debug|Any CPU.ActiveCfg = Debug|Any CPU
		{8A98C043-9E5D-4B5F-B13F-E7FFCA7428A0}.Debug|Any CPU.Build.0 = Debug|Any CPU
		{8A98C043-9E5D-4B5F-B13F-E7FFCA7428A0}.Debug|x86.ActiveCfg = Debug|Any CPU
		{8A98C043-9E5D-4B5F-B13F-E7FFCA7428A0}.Debug|x86.Build.0 = Debug|Any CPU
		{8A98C043-9E5D-4B5F-B13F-E7FFCA7428A0}.Release|Android.ActiveCfg = Release|Any CPU
		{8A98C043-9E5D-4B5F-B13F-E7FFCA7428A0}.Release|Android.Build.0 = Release|Any CPU
		{8A98C043-9E5D-4B5F-B13F-E7FFCA7428A0}.Release|Any CPU.ActiveCfg = Release|Any CPU
		{8A98C043-9E5D-4B5F-B13F-E7FFCA7428A0}.Release|Any CPU.Build.0 = Release|Any CPU
		{8A98C043-9E5D-4B5F-B13F-E7FFCA7428A0}.Release|x86.ActiveCfg = Release|Any CPU
		{8A98C043-9E5D-4B5F-B13F-E7FFCA7428A0}.Release|x86.Build.0 = Release|Any CPU
		{17E3A066-537B-4280-A205-36C86B67FA8F}.Debug|Android.ActiveCfg = Debug|Any CPU
		{17E3A066-537B-4280-A205-36C86B67FA8F}.Debug|Any CPU.ActiveCfg = Debug|Any CPU
		{17E3A066-537B-4280-A205-36C86B67FA8F}.Debug|Any CPU.Build.0 = Debug|Any CPU
		{17E3A066-537B-4280-A205-36C86B67FA8F}.Debug|x86.ActiveCfg = Debug|Any CPU
		{17E3A066-537B-4280-A205-36C86B67FA8F}.Debug|x86.Build.0 = Debug|Any CPU
		{17E3A066-537B-4280-A205-36C86B67FA8F}.Release|Android.ActiveCfg = Release|Any CPU
		{17E3A066-537B-4280-A205-36C86B67FA8F}.Release|Any CPU.ActiveCfg = Release|Any CPU
		{17E3A066-537B-4280-A205-36C86B67FA8F}.Release|Any CPU.Build.0 = Release|Any CPU
		{17E3A066-537B-4280-A205-36C86B67FA8F}.Release|x86.ActiveCfg = Release|Any CPU
		{17E3A066-537B-4280-A205-36C86B67FA8F}.Release|x86.Build.0 = Release|Any CPU
		{69BDEB49-DE2F-40C0-847A-72C4E8C17C4A}.Debug|Android.ActiveCfg = Debug|Any CPU
		{69BDEB49-DE2F-40C0-847A-72C4E8C17C4A}.Debug|Android.Build.0 = Debug|Any CPU
		{69BDEB49-DE2F-40C0-847A-72C4E8C17C4A}.Debug|Android.Deploy.0 = Debug|Any CPU
		{69BDEB49-DE2F-40C0-847A-72C4E8C17C4A}.Debug|Any CPU.ActiveCfg = Debug|Any CPU
		{69BDEB49-DE2F-40C0-847A-72C4E8C17C4A}.Debug|Any CPU.Build.0 = Debug|Any CPU
		{69BDEB49-DE2F-40C0-847A-72C4E8C17C4A}.Debug|Any CPU.Deploy.0 = Debug|Any CPU
		{69BDEB49-DE2F-40C0-847A-72C4E8C17C4A}.Debug|x86.ActiveCfg = Debug|Any CPU
		{69BDEB49-DE2F-40C0-847A-72C4E8C17C4A}.Debug|x86.Build.0 = Debug|Any CPU
		{69BDEB49-DE2F-40C0-847A-72C4E8C17C4A}.Debug|x86.Deploy.0 = Debug|Any CPU
		{69BDEB49-DE2F-40C0-847A-72C4E8C17C4A}.Release|Android.ActiveCfg = Release|Any CPU
		{69BDEB49-DE2F-40C0-847A-72C4E8C17C4A}.Release|Android.Build.0 = Release|Any CPU
		{69BDEB49-DE2F-40C0-847A-72C4E8C17C4A}.Release|Android.Deploy.0 = Release|Any CPU
		{69BDEB49-DE2F-40C0-847A-72C4E8C17C4A}.Release|Any CPU.ActiveCfg = Release|Any CPU
		{69BDEB49-DE2F-40C0-847A-72C4E8C17C4A}.Release|Any CPU.Build.0 = Release|Any CPU
		{69BDEB49-DE2F-40C0-847A-72C4E8C17C4A}.Release|Any CPU.Deploy.0 = Release|Any CPU
		{69BDEB49-DE2F-40C0-847A-72C4E8C17C4A}.Release|x86.ActiveCfg = Release|Any CPU
		{69BDEB49-DE2F-40C0-847A-72C4E8C17C4A}.Release|x86.Build.0 = Release|Any CPU
		{69BDEB49-DE2F-40C0-847A-72C4E8C17C4A}.Release|x86.Deploy.0 = Release|Any CPU
	EndGlobalSection
	GlobalSection(SolutionProperties) = preSolution
		HideSolutionNode = FALSE
	EndGlobalSection
	GlobalSection(NestedProjects) = preSolution
		{8A98C043-9E5D-4B5F-B13F-E7FFCA7428A0} = {EAC3916A-7EFA-4560-8E46-41D91C67FEB6}
		{963FB07B-E982-419E-AE8F-55E2B2A6C205} = {EAC3916A-7EFA-4560-8E46-41D91C67FEB6}
		{17E3A066-537B-4280-A205-36C86B67FA8F} = {EAC3916A-7EFA-4560-8E46-41D91C67FEB6}
	EndGlobalSection
	GlobalSection(ExtensibilityGlobals) = postSolution
		SolutionGuid = {B7A63CE5-CA0E-4694-8118-1622E65ECAA0}
	EndGlobalSection
EndGlobal
